
Microsoft Visual Studio Solution File, Format Version 12.00
# Visual Studio Version 17
VisualStudioVersion = 17.3.32929.385
MinimumVisualStudioVersion = 10.0.40219.1
Project("{FAE04EC0-301F-11D3-BF4B-00C04F79EFBC}") = "CommandsTheme", "Commands\CommandsTheme.csproj", "{4F879665-61DC-4E8F-8B10-50AFF4B460F9}"
EndProject
Global
	GlobalSection(SolutionConfigurationPlatforms) = preSolution
		Debug|Any CPU = Debug|Any CPU
		Release|Any CPU = Release|Any CPU
	EndGlobalSection
	GlobalSection(ProjectConfigurationPlatforms) = postSolution
		{4F879665-61DC-4E8F-8B10-50AFF4B460F9}.Debug|Any CPU.ActiveCfg = Debug|Any CPU
		{4F879665-61DC-4E8F-8B10-50AFF4B460F9}.Debug|Any CPU.Build.0 = Debug|Any CPU
		{4F879665-61DC-4E8F-8B10-50AFF4B460F9}.Release|Any CPU.ActiveCfg = Release|Any CPU
		{4F879665-61DC-4E8F-8B10-50AFF4B460F9}.Release|Any CPU.Build.0 = Release|Any CPU
	EndGlobalSection
	GlobalSection(SolutionProperties) = preSolution
		HideSolutionNode = FALSE
	EndGlobalSection
	GlobalSection(ExtensibilityGlobals) = postSolution
		SolutionGuid = {EE50C7F8-4445-42E7-8BF7-68B1D74D33E3}
	EndGlobalSection
EndGlobal
